{
  "name": "rectifylib",
  "version": "1.0.1",
  "lockfileVersion": 2,
  "requires": true,
  "packages": {
    "": {
      "name": "rectifylib",
      "version": "1.0.1",
      "license": "ISC",
      "dependencies": {
        "node-fetch": "^2.6.1",
        "rectifylib": "^1.0.1"
      }
    },
    "node_modules/node-fetch": {
      "version": "2.6.1",
      "resolved": "https://registry.npmjs.org/node-fetch/-/node-fetch-2.6.1.tgz",
      "integrity": "sha512-V4aYg89jEoVRxRb2fJdAg8FHvI7cEyYdVAh94HH0UIK8oJxUfkjlDQN9RbMx+bEjP7+ggMiFRprSti032Oipxw==",
      "engines": {
        "node": "4.x || >=6.0.0"
      }
    },
    "node_modules/rectifylib": {
      "version": "1.0.1",
      "resolved": "https://registry.npmjs.org/rectifylib/-/rectifylib-1.0.1.tgz",
      "integrity": "sha512-UrZibom76lovs8nkxHOk2vCFLhO29YhDjXll9CqZKn2WuSxyQdrO1U+uJRAT5N1fWgPd3l0AuG/XYMq+3wz/pA==",
      "dependencies": {
        "node-fetch": "^2.6.1"
      }
    }
  },
  "dependencies": {
    "node-fetch": {
      "version": "2.6.1",
      "resolved": "https://registry.npmjs.org/node-fetch/-/node-fetch-2.6.1.tgz",
      "integrity": "sha512-V4aYg89jEoVRxRb2fJdAg8FHvI7cEyYdVAh94HH0UIK8oJxUfkjlDQN9RbMx+bEjP7+ggMiFRprSti032Oipxw=="
    },
    "rectifylib": {
      "version": "1.0.1",
      "resolved": "https://registry.npmjs.org/rectifylib/-/rectifylib-1.0.1.tgz",
      "integrity": "sha512-UrZibom76lovs8nkxHOk2vCFLhO29YhDjXll9CqZKn2WuSxyQdrO1U+uJRAT5N1fWgPd3l0AuG/XYMq+3wz/pA==",
      "requires": {
        "node-fetch": "^2.6.1"
      }
    }
  }
}
